
Microsoft Visual Studio Solution File, Format Version 12.00
# Visual Studio Version 16
VisualStudioVersion = 16.0.29201.188
MinimumVisualStudioVersion = 10.0.40219.1
Project("{FAE04EC0-301F-11D3-BF4B-00C04F79EFBC}") = "CSSSimpleBoxAnimation", "CSSSimpleBoxAnimation\CSSSimpleBoxAnimation.csproj", "{ADE4E45D-2C74-4B81-81AB-8253322C0558}"
EndProject
Global
	GlobalSection(SolutionConfigurationPlatforms) = preSolution
		Debug|Any CPU = Debug|Any CPU
		Release|Any CPU = Release|Any CPU
	EndGlobalSection
	GlobalSection(ProjectConfigurationPlatforms) = postSolution
		{ADE4E45D-2C74-4B81-81AB-8253322C0558}.Debug|Any CPU.ActiveCfg = Debug|Any CPU
		{ADE4E45D-2C74-4B81-81AB-8253322C0558}.Debug|Any CPU.Build.0 = Debug|Any CPU
		{ADE4E45D-2C74-4B81-81AB-8253322C0558}.Release|Any CPU.ActiveCfg = Release|Any CPU
		{ADE4E45D-2C74-4B81-81AB-8253322C0558}.Release|Any CPU.Build.0 = Release|Any CPU
	EndGlobalSection
	GlobalSection(SolutionProperties) = preSolution
		HideSolutionNode = FALSE
	EndGlobalSection
	GlobalSection(ExtensibilityGlobals) = postSolution
		SolutionGuid = {DE9FB328-1E44-4305-B8D6-6EF2733E1E18}
	EndGlobalSection
EndGlobal
